
Microsoft Visual Studio Solution File, Format Version 12.00
# Visual Studio Version 17
VisualStudioVersion = 17.11.35303.130
MinimumVisualStudioVersion = 10.0.40219.1
Project("{9A19103F-16F7-4668-BE54-9A1E7A4F7556}") = "Beacon", "Beacon\Beacon.csproj", "{BE36B1E7-A777-4080-85C8-06DE47600ADB}"
EndProject
Global
	GlobalSection(SolutionConfigurationPlatforms) = preSolution
		Debug|Any CPU = Debug|Any CPU
		Release|Any CPU = Release|Any CPU
	EndGlobalSection
	GlobalSection(ProjectConfigurationPlatforms) = postSolution
		{BE36B1E7-A777-4080-85C8-06DE47600ADB}.Debug|Any CPU.ActiveCfg = Debug|Any CPU
		{BE36B1E7-A777-4080-85C8-06DE47600ADB}.Debug|Any CPU.Build.0 = Debug|Any CPU
		{BE36B1E7-A777-4080-85C8-06DE47600ADB}.Release|Any CPU.ActiveCfg = Release|Any CPU
		{BE36B1E7-A777-4080-85C8-06DE47600ADB}.Release|Any CPU.Build.0 = Release|Any CPU
	EndGlobalSection
	GlobalSection(SolutionProperties) = preSolution
		HideSolutionNode = FALSE
	EndGlobalSection
	GlobalSection(ExtensibilityGlobals) = postSolution
		SolutionGuid = {950A68BA-DAA0-490D-8F92-9FEBDAFDAB08}
	EndGlobalSection
EndGlobal
